Microsoft Visual Studio Solution File, Format Version 12.00
# Visual Studio 15
VisualStudioVersion = 15.0.27130.0
MinimumVisualStudioVersion = 15.0.26124.0
Project("{9A19103F-16F7-4668-BE54-9A1E7A4F7556}") = "Scrumify.Api", "src\Scrumify.Api\Scrumify.Api.csproj", "{FA0CC66E-5D01-4557-8438-777D6F18DD75}"
EndProject
Project("{FAE04EC0-301F-11D3-BF4B-00C04F79EFBC}") = "Scrumify.Models", "Scrumify.Models\Scrumify.Models.csproj", "{9618BE52-32F5-4F5B-9A9E-4342AEF4250C}"
EndProject
Project("{FAE04EC0-301F-11D3-BF4B-00C04F79EFBC}") = "Scrumify.DataAccess.Core", "Scrumify.DataAccess.Core\Scrumify.DataAccess.Core.csproj", "{1B01D100-88B1-44A9-ABF0-7B36E7EC5D00}"
EndProject
Project("{FAE04EC0-301F-11D3-BF4B-00C04F79EFBC}") = "Scrumify.DataAccess", "Scrumify.DataAccess\Scrumify.DataAccess.csproj", "{189EC0F0-42F9-48FE-B3FE-D1F5C393A38F}"
EndProject
Project("{FAE04EC0-301F-11D3-BF4B-00C04F79EFBC}") = "Scrumify.DataAccess.Tests", "Scrumify.DataAccess.Tests\Scrumify.DataAccess.Tests.csproj", "{C43B49A9-0701-4308-A84D-9BD47F93B1B5}"
EndProject
Project("{FAE04EC0-301F-11D3-BF4B-00C04F79EFBC}") = "Scrumify.DataAccess.TestCore", "Scrumify.DataAccess.TestCore\Scrumify.DataAccess.TestCore.csproj", "{A7616980-52BA-41B2-BEEB-F166BA45BF08}"
EndProject
Global
	GlobalSection(SolutionConfigurationPlatforms) = preSolution
		Debug|Any CPU = Debug|Any CPU
		Release|Any CPU = Release|Any CPU
	EndGlobalSection
	GlobalSection(ProjectConfigurationPlatforms) = postSolution
		{FA0CC66E-5D01-4557-8438-777D6F18DD75}.Debug|Any CPU.ActiveCfg = Debug|Any CPU
		{FA0CC66E-5D01-4557-8438-777D6F18DD75}.Debug|Any CPU.Build.0 = Debug|Any CPU
		{FA0CC66E-5D01-4557-8438-777D6F18DD75}.Release|Any CPU.ActiveCfg = Release|Any CPU
		{FA0CC66E-5D01-4557-8438-777D6F18DD75}.Release|Any CPU.Build.0 = Release|Any CPU
		{9618BE52-32F5-4F5B-9A9E-4342AEF4250C}.Debug|Any CPU.ActiveCfg = Debug|Any CPU
		{9618BE52-32F5-4F5B-9A9E-4342AEF4250C}.Debug|Any CPU.Build.0 = Debug|Any CPU
		{9618BE52-32F5-4F5B-9A9E-4342AEF4250C}.Release|Any CPU.ActiveCfg = Release|Any CPU
		{9618BE52-32F5-4F5B-9A9E-4342AEF4250C}.Release|Any CPU.Build.0 = Release|Any CPU
		{1B01D100-88B1-44A9-ABF0-7B36E7EC5D00}.Debug|Any CPU.ActiveCfg = Debug|Any CPU
		{1B01D100-88B1-44A9-ABF0-7B36E7EC5D00}.Debug|Any CPU.Build.0 = Debug|Any CPU
		{1B01D100-88B1-44A9-ABF0-7B36E7EC5D00}.Release|Any CPU.ActiveCfg = Release|Any CPU
		{1B01D100-88B1-44A9-ABF0-7B36E7EC5D00}.Release|Any CPU.Build.0 = Release|Any CPU
		{189EC0F0-42F9-48FE-B3FE-D1F5C393A38F}.Debug|Any CPU.ActiveCfg = Debug|Any CPU
		{189EC0F0-42F9-48FE-B3FE-D1F5C393A38F}.Debug|Any CPU.Build.0 = Debug|Any CPU
		{189EC0F0-42F9-48FE-B3FE-D1F5C393A38F}.Release|Any CPU.ActiveCfg = Release|Any CPU
		{189EC0F0-42F9-48FE-B3FE-D1F5C393A38F}.Release|Any CPU.Build.0 = Release|Any CPU
		{C43B49A9-0701-4308-A84D-9BD47F93B1B5}.Debug|Any CPU.ActiveCfg = Debug|Any CPU
		{C43B49A9-0701-4308-A84D-9BD47F93B1B5}.Debug|Any CPU.Build.0 = Debug|Any CPU
		{C43B49A9-0701-4308-A84D-9BD47F93B1B5}.Release|Any CPU.ActiveCfg = Release|Any CPU
		{C43B49A9-0701-4308-A84D-9BD47F93B1B5}.Release|Any CPU.Build.0 = Release|Any CPU
		{A7616980-52BA-41B2-BEEB-F166BA45BF08}.Debug|Any CPU.ActiveCfg = Debug|Any CPU
		{A7616980-52BA-41B2-BEEB-F166BA45BF08}.Debug|Any CPU.Build.0 = Debug|Any CPU
		{A7616980-52BA-41B2-BEEB-F166BA45BF08}.Release|Any CPU.ActiveCfg = Release|Any CPU
		{A7616980-52BA-41B2-BEEB-F166BA45BF08}.Release|Any CPU.Build.0 = Release|Any CPU
	EndGlobalSection
	GlobalSection(SolutionProperties) = preSolution
		HideSolutionNode = FALSE
	EndGlobalSection
	GlobalSection(ExtensibilityGlobals) = postSolution
		SolutionGuid = {713E8920-7BEC-4180-8ADB-9EE297C445A5}
	EndGlobalSection
EndGlobal
